
Microsoft Visual Studio Solution File, Format Version 12.00
# Visual Studio Version 16
VisualStudioVersion = 16.0.29709.97
MinimumVisualStudioVersion = 10.0.40219.1
Project("{FAE04EC0-301F-11D3-BF4B-00C04F79EFBC}") = "FaceUploader", "FaceUploader\FaceUploader.csproj", "{19E639A1-23A9-4A05-A02C-7DB5FE777199}"
EndProject
Global
	GlobalSection(SolutionConfigurationPlatforms) = preSolution
		Debug|Any CPU = Debug|Any CPU
		Release|Any CPU = Release|Any CPU
	EndGlobalSection
	GlobalSection(ProjectConfigurationPlatforms) = postSolution
		{19E639A1-23A9-4A05-A02C-7DB5FE777199}.Debug|Any CPU.ActiveCfg = Debug|Any CPU
		{19E639A1-23A9-4A05-A02C-7DB5FE777199}.Debug|Any CPU.Build.0 = Debug|Any CPU
		{19E639A1-23A9-4A05-A02C-7DB5FE777199}.Release|Any CPU.ActiveCfg = Release|Any CPU
		{19E639A1-23A9-4A05-A02C-7DB5FE777199}.Release|Any CPU.Build.0 = Release|Any CPU
	EndGlobalSection
	GlobalSection(SolutionProperties) = preSolution
		HideSolutionNode = FALSE
	EndGlobalSection
	GlobalSection(ExtensibilityGlobals) = postSolution
		SolutionGuid = {7DE8E6E0-552D-479D-BE2E-D1E31060A19B}
	EndGlobalSection
EndGlobal
